
Microsoft Visual Studio Solution File, Format Version 12.00
# Visual Studio 2013
VisualStudioVersion = 12.0.31101.0
MinimumVisualStudioVersion = 10.0.40219.1
Project("{FAE04EC0-301F-11D3-BF4B-00C04F79EFBC}") = "Lab1", "Labs\Lab1.csproj", "{0383D94D-4874-4D46-9126-31CDB812E6B3}"
EndProject
Project("{FAE04EC0-301F-11D3-BF4B-00C04F79EFBC}") = "Lab2", "Lab2\Lab2.csproj", "{B4E77A1B-9EB9-48EC-A8B1-CC6C21300D62}"
EndProject
Project("{FAE04EC0-301F-11D3-BF4B-00C04F79EFBC}") = "Lab3", "Lab3\Lab3.csproj", "{67B9C0A4-C00C-437E-91B3-DF6B5AF0459A}"
EndProject
Project("{FAE04EC0-301F-11D3-BF4B-00C04F79EFBC}") = "Lab4", "Lab4\Lab4.csproj", "{10F4EF82-00B4-48C9-8E8F-06A414237754}"
EndProject
Project("{FAE04EC0-301F-11D3-BF4B-00C04F79EFBC}") = "Lab5", "Lab5\Lab5.csproj", "{A87212CD-DE9D-4990-96B5-6BC93B112AA3}"
EndProject
Project("{FAE04EC0-301F-11D3-BF4B-00C04F79EFBC}") = "Lab6", "Lab6\Lab6.csproj", "{DB224643-4954-4F66-9029-14B42A4E4C1F}"
EndProject
Project("{FAE04EC0-301F-11D3-BF4B-00C04F79EFBC}") = "Lab7", "Lab7\Lab7.csproj", "{42188A4D-9B92-4F8A-B792-E26E1D264173}"
EndProject
Project("{FAE04EC0-301F-11D3-BF4B-00C04F79EFBC}") = "Lab8", "Lab8\Lab8.csproj", "{ABFAF8EC-CFFF-49C0-9A13-A9239F1C1C9D}"
EndProject
Project("{FAE04EC0-301F-11D3-BF4B-00C04F79EFBC}") = "Lab9", "Lab9\Lab9.csproj", "{1566D170-3F9A-4CA9-994F-E6D46FA880E1}"
EndProject
Project("{FAE04EC0-301F-11D3-BF4B-00C04F79EFBC}") = "LabT10", "LabT10\LabT10.csproj", "{F25D2546-74FE-4574-8636-DCC84052E7E7}"
EndProject
Project("{FAE04EC0-301F-11D3-BF4B-00C04F79EFBC}") = "LabT11", "LabT11\LabT11.csproj", "{C29250EC-4EA2-493E-803A-6C1BACA18277}"
EndProject
Global
	GlobalSection(SolutionConfigurationPlatforms) = preSolution
		Debug|Any CPU = Debug|Any CPU
		Release|Any CPU = Release|Any CPU
	EndGlobalSection
	GlobalSection(ProjectConfigurationPlatforms) = postSolution
		{0383D94D-4874-4D46-9126-31CDB812E6B3}.Debug|Any CPU.ActiveCfg = Debug|Any CPU
		{0383D94D-4874-4D46-9126-31CDB812E6B3}.Debug|Any CPU.Build.0 = Debug|Any CPU
		{0383D94D-4874-4D46-9126-31CDB812E6B3}.Release|Any CPU.ActiveCfg = Release|Any CPU
		{0383D94D-4874-4D46-9126-31CDB812E6B3}.Release|Any CPU.Build.0 = Release|Any CPU
		{B4E77A1B-9EB9-48EC-A8B1-CC6C21300D62}.Debug|Any CPU.ActiveCfg = Debug|Any CPU
		{B4E77A1B-9EB9-48EC-A8B1-CC6C21300D62}.Debug|Any CPU.Build.0 = Debug|Any CPU
		{B4E77A1B-9EB9-48EC-A8B1-CC6C21300D62}.Release|Any CPU.ActiveCfg = Release|Any CPU
		{B4E77A1B-9EB9-48EC-A8B1-CC6C21300D62}.Release|Any CPU.Build.0 = Release|Any CPU
		{67B9C0A4-C00C-437E-91B3-DF6B5AF0459A}.Debug|Any CPU.ActiveCfg = Debug|Any CPU
		{67B9C0A4-C00C-437E-91B3-DF6B5AF0459A}.Debug|Any CPU.Build.0 = Debug|Any CPU
		{67B9C0A4-C00C-437E-91B3-DF6B5AF0459A}.Release|Any CPU.ActiveCfg = Release|Any CPU
		{67B9C0A4-C00C-437E-91B3-DF6B5AF0459A}.Release|Any CPU.Build.0 = Release|Any CPU
		{10F4EF82-00B4-48C9-8E8F-06A414237754}.Debug|Any CPU.ActiveCfg = Debug|Any CPU
		{10F4EF82-00B4-48C9-8E8F-06A414237754}.Debug|Any CPU.Build.0 = Debug|Any CPU
		{10F4EF82-00B4-48C9-8E8F-06A414237754}.Release|Any CPU.ActiveCfg = Release|Any CPU
		{10F4EF82-00B4-48C9-8E8F-06A414237754}.Release|Any CPU.Build.0 = Release|Any CPU
		{A87212CD-DE9D-4990-96B5-6BC93B112AA3}.Debug|Any CPU.ActiveCfg = Debug|Any CPU
		{A87212CD-DE9D-4990-96B5-6BC93B112AA3}.Debug|Any CPU.Build.0 = Debug|Any CPU
		{A87212CD-DE9D-4990-96B5-6BC93B112AA3}.Release|Any CPU.ActiveCfg = Release|Any CPU
		{A87212CD-DE9D-4990-96B5-6BC93B112AA3}.Release|Any CPU.Build.0 = Release|Any CPU
		{DB224643-4954-4F66-9029-14B42A4E4C1F}.Debug|Any CPU.ActiveCfg = Debug|Any CPU
		{DB224643-4954-4F66-9029-14B42A4E4C1F}.Debug|Any CPU.Build.0 = Debug|Any CPU
		{DB224643-4954-4F66-9029-14B42A4E4C1F}.Release|Any CPU.ActiveCfg = Release|Any CPU
		{DB224643-4954-4F66-9029-14B42A4E4C1F}.Release|Any CPU.Build.0 = Release|Any CPU
		{42188A4D-9B92-4F8A-B792-E26E1D264173}.Debug|Any CPU.ActiveCfg = Debug|Any CPU
		{42188A4D-9B92-4F8A-B792-E26E1D264173}.Debug|Any CPU.Build.0 = Debug|Any CPU
		{42188A4D-9B92-4F8A-B792-E26E1D264173}.Release|Any CPU.ActiveCfg = Release|Any CPU
		{42188A4D-9B92-4F8A-B792-E26E1D264173}.Release|Any CPU.Build.0 = Release|Any CPU
		{ABFAF8EC-CFFF-49C0-9A13-A9239F1C1C9D}.Debug|Any CPU.ActiveCfg = Debug|Any CPU
		{ABFAF8EC-CFFF-49C0-9A13-A9239F1C1C9D}.Debug|Any CPU.Build.0 = Debug|Any CPU
		{ABFAF8EC-CFFF-49C0-9A13-A9239F1C1C9D}.Release|Any CPU.ActiveCfg = Release|Any CPU
		{ABFAF8EC-CFFF-49C0-9A13-A9239F1C1C9D}.Release|Any CPU.Build.0 = Release|Any CPU
		{1566D170-3F9A-4CA9-994F-E6D46FA880E1}.Debug|Any CPU.ActiveCfg = Debug|Any CPU
		{1566D170-3F9A-4CA9-994F-E6D46FA880E1}.Debug|Any CPU.Build.0 = Debug|Any CPU
		{1566D170-3F9A-4CA9-994F-E6D46FA880E1}.Release|Any CPU.ActiveCfg = Release|Any CPU
		{1566D170-3F9A-4CA9-994F-E6D46FA880E1}.Release|Any CPU.Build.0 = Release|Any CPU
		{F25D2546-74FE-4574-8636-DCC84052E7E7}.Debug|Any CPU.ActiveCfg = Debug|Any CPU
		{F25D2546-74FE-4574-8636-DCC84052E7E7}.Debug|Any CPU.Build.0 = Debug|Any CPU
		{F25D2546-74FE-4574-8636-DCC84052E7E7}.Release|Any CPU.ActiveCfg = Release|Any CPU
		{F25D2546-74FE-4574-8636-DCC84052E7E7}.Release|Any CPU.Build.0 = Release|Any CPU
		{C29250EC-4EA2-493E-803A-6C1BACA18277}.Debug|Any CPU.ActiveCfg = Debug|Any CPU
		{C29250EC-4EA2-493E-803A-6C1BACA18277}.Debug|Any CPU.Build.0 = Debug|Any CPU
		{C29250EC-4EA2-493E-803A-6C1BACA18277}.Release|Any CPU.ActiveCfg = Release|Any CPU
		{C29250EC-4EA2-493E-803A-6C1BACA18277}.Release|Any CPU.Build.0 = Release|Any CPU
	EndGlobalSection
	GlobalSection(SolutionProperties) = preSolution
		HideSolutionNode = FALSE
	EndGlobalSection
EndGlobal
